
Microsoft Visual Studio Solution File, Format Version 12.00
# Visual Studio Version 17
VisualStudioVersion = 17.0.31919.166
MinimumVisualStudioVersion = 10.0.40219.1
Project("{FAE04EC0-301F-11D3-BF4B-00C04F79EFBC}") = "Primeira Tarefa", "Primeira Tarefa\Primeira Tarefa.csproj", "{CF9525E9-2772-4F0F-8EF0-F2F07E76D24B}"
EndProject
Global
	GlobalSection(SolutionConfigurationPlatforms) = preSolution
		Debug|Any CPU = Debug|Any CPU
		Release|Any CPU = Release|Any CPU
	EndGlobalSection
	GlobalSection(ProjectConfigurationPlatforms) = postSolution
		{CF9525E9-2772-4F0F-8EF0-F2F07E76D24B}.Debug|Any CPU.ActiveCfg = Debug|Any CPU
		{CF9525E9-2772-4F0F-8EF0-F2F07E76D24B}.Debug|Any CPU.Build.0 = Debug|Any CPU
		{CF9525E9-2772-4F0F-8EF0-F2F07E76D24B}.Release|Any CPU.ActiveCfg = Release|Any CPU
		{CF9525E9-2772-4F0F-8EF0-F2F07E76D24B}.Release|Any CPU.Build.0 = Release|Any CPU
	EndGlobalSection
	GlobalSection(SolutionProperties) = preSolution
		HideSolutionNode = FALSE
	EndGlobalSection
	GlobalSection(ExtensibilityGlobals) = postSolution
		SolutionGuid = {B98E5A67-401F-4091-80B5-B3476C99B560}
	EndGlobalSection
EndGlobal
